
Microsoft Visual Studio Solution File, Format Version 12.00
# Visual Studio Version 17
VisualStudioVersion = 17.11.35219.272
MinimumVisualStudioVersion = 10.0.40219.1
Project("{FAE04EC0-301F-11D3-BF4B-00C04F79EFBC}") = "Inlamningsuppgift_3.3", "Inlamningsuppgift_3.3\Inlamningsuppgift_3.3.csproj", "{1A0CFAEA-A521-4631-BE41-0592678296B0}"
EndProject
Global
	GlobalSection(SolutionConfigurationPlatforms) = preSolution
		Debug|Any CPU = Debug|Any CPU
		Release|Any CPU = Release|Any CPU
	EndGlobalSection
	GlobalSection(ProjectConfigurationPlatforms) = postSolution
		{1A0CFAEA-A521-4631-BE41-0592678296B0}.Debug|Any CPU.ActiveCfg = Debug|Any CPU
		{1A0CFAEA-A521-4631-BE41-0592678296B0}.Debug|Any CPU.Build.0 = Debug|Any CPU
		{1A0CFAEA-A521-4631-BE41-0592678296B0}.Release|Any CPU.ActiveCfg = Release|Any CPU
		{1A0CFAEA-A521-4631-BE41-0592678296B0}.Release|Any CPU.Build.0 = Release|Any CPU
	EndGlobalSection
	GlobalSection(SolutionProperties) = preSolution
		HideSolutionNode = FALSE
	EndGlobalSection
	GlobalSection(ExtensibilityGlobals) = postSolution
		SolutionGuid = {EB1B82BA-A436-4E69-9FF5-C8551D06F63F}
	EndGlobalSection
EndGlobal
